// !$*UTF8*$!
{
	archiveVersion = 1;
	classes = {
	};
	objectVersion = 50;
	objects = {

/* Begin PBXBuildFile section */
		F6B2AB9B2798178E005BA056 /* TamagotchiApp.swift in Sources */ = {isa = PBXBuildFile; fileRef = F6B2AB9A2798178E005BA056 /* TamagotchiApp.swift */; };
		F6B2AB9D2798178E005BA056 /* ContentView.swift in Sources */ = {isa = PBXBuildFile; fileRef = F6B2AB9C2798178E005BA056 /* ContentView.swift */; };
		F6B2AB9F27981790005BA056 /* Assets.xcassets in Resources */ = {isa = PBXBuildFile; fileRef = F6B2AB9E27981790005BA056 /* Assets.xcassets */; };
		F6B2ABA227981790005BA056 /* Preview Assets.xcassets in Resources */ = {isa = PBXBuildFile; fileRef = F6B2ABA127981790005BA056 /* Preview Assets.xcassets */; };
		F6B2ABB827981791005BA056 /* TamagotchiUITests.swift in Sources */ = {isa = PBXBuildFile; fileRef = F6B2ABB727981791005BA056 /* TamagotchiUITests.swift */; };
		F6B2ABC9279822D3005BA056 /* TamagotchiTest.swift in Sources */ = {isa = PBXBuildFile; fileRef = F6B2ABC8279822D3005BA056 /* TamagotchiTest.swift */; };
		F6B2ABD1279823E7005BA056 /* Tamagotchi.swift in Sources */ = {isa = PBXBuildFile; fileRef = F6B2ABD0279823E7005BA056 /* Tamagotchi.swift */; };
		F6B2ABD52798249A005BA056 /* Tamagotchi.swift in Sources */ = {isa = PBXBuildFile; fileRef = F6B2ABD0279823E7005BA056 /* Tamagotchi.swift */; };
/* End PBXBuildFile section */

/* Begin PBXContainerItemProxy section */
		F6B2ABA927981791005BA056 /* PBXContainerItemProxy */ = {
			isa = PBXContainerItemProxy;
			containerPortal = F6B2AB8F2798178E005BA056 /* Project object */;
			proxyType = 1;
			remoteGlobalIDString = F6B2AB962798178E005BA056;
			remoteInfo = Tamagotchi;
		};
		F6B2ABB427981791005BA056 /* PBXContainerItemProxy */ = {
			isa = PBXContainerItemProxy;
			containerPortal = F6B2AB8F2798178E005BA056 /* Project object */;
			proxyType = 1;
			remoteGlobalIDString = F6B2AB962798178E005BA056;
			remoteInfo = Tamagotchi;
		};
/* End PBXContainerItemProxy section */

/* Begin PBXFileReference section */
		F6B2AB972798178E005BA056 /* Tamagotchi.app */ = {isa = PBXFileReference; explicitFileType = wrapper.application; includeInIndex = 0; path = Tamagotchi.app; sourceTree = BUILT_PRODUCTS_DIR; };
		F6B2AB9A2798178E005BA056 /* TamagotchiApp.swift */ = {isa = PBXFileReference; lastKnownFileType = sourcecode.swift; path = TamagotchiApp.swift; sourceTree = "<group>"; };
		F6B2AB9C2798178E005BA056 /* ContentView.swift */ = {isa = PBXFileReference; lastKnownFileType = sourcecode.swift; path = ContentView.swift; sourceTree = "<group>"; };
		F6B2AB9E27981790005BA056 /* Assets.xcassets */ = {isa = PBXFileReference; lastKnownFileType = folder.assetcatalog; path = Assets.xcassets; sourceTree = "<group>"; };
		F6B2ABA127981790005BA056 /* Preview Assets.xcassets */ = {isa = PBXFileReference; lastKnownFileType = folder.assetcatalog; path = "Preview Assets.xcassets"; sourceTree = "<group>"; };
		F6B2ABA327981790005BA056 /* Info.plist */ = {isa = PBXFileReference; lastKnownFileType = text.plist.xml; path = Info.plist; sourceTree = "<group>"; };
		F6B2ABA827981791005BA056 /* TamagotchiTests.xctest */ = {isa = PBXFileReference; explicitFileType = wrapper.cfbundle; includeInIndex = 0; path = TamagotchiTests.xctest; sourceTree = BUILT_PRODUCTS_DIR; };
		F6B2ABAE27981791005BA056 /* Info.plist */ = {isa = PBXFileReference; lastKnownFileType = text.plist.xml; path = Info.plist; sourceTree = "<group>"; };
		F6B2ABB327981791005BA056 /* TamagotchiUITests.xctest */ = {isa = PBXFileReference; explicitFileType = wrapper.cfbundle; includeInIndex = 0; path = TamagotchiUITests.xctest; sourceTree = BUILT_PRODUCTS_DIR; };
		F6B2ABB727981791005BA056 /* TamagotchiUITests.swift */ = {isa = PBXFileReference; lastKnownFileType = sourcecode.swift; path = TamagotchiUITests.swift; sourceTree = "<group>"; };
		F6B2ABB927981791005BA056 /* Info.plist */ = {isa = PBXFileReference; lastKnownFileType = text.plist.xml; path = Info.plist; sourceTree = "<group>"; };
		F6B2ABC8279822D3005BA056 /* TamagotchiTest.swift */ = {isa = PBXFileReference; lastKnownFileType = sourcecode.swift; path = TamagotchiTest.swift; sourceTree = "<group>"; };
		F6B2ABD0279823E7005BA056 /* Tamagotchi.swift */ = {isa = PBXFileReference; lastKnownFileType = sourcecode.swift; path = Tamagotchi.swift; sourceTree = "<group>"; };
/* End PBXFileReference section */

/* Begin PBXFrameworksBuildPhase section */
		F6B2AB942798178E005BA056 /* Frameworks */ = {
			isa = PBXFrameworksBuildPhase;
			buildActionMask = 2147483647;
			files = (
			);
			runOnlyForDeploymentPostprocessing = 0;
		};
		F6B2ABA527981791005BA056 /* Frameworks */ = {
			isa = PBXFrameworksBuildPhase;
			buildActionMask = 2147483647;
			files = (
			);
			runOnlyForDeploymentPostprocessing = 0;
		};
		F6B2ABB027981791005BA056 /* Frameworks */ = {
			isa = PBXFrameworksBuildPhase;
			buildActionMask = 2147483647;
			files = (
			);
			runOnlyForDeploymentPostprocessing = 0;
		};
/* End PBXFrameworksBuildPhase section */

/* Begin PBXGroup section */
		F6B2AB8E2798178E005BA056 = {
			isa = PBXGroup;
			children = (
				F6B2AB992798178E005BA056 /* Tamagotchi */,
				F6B2ABAB27981791005BA056 /* TamagotchiTests */,
				F6B2ABB627981791005BA056 /* TamagotchiUITests */,
				F6B2AB982798178E005BA056 /* Products */,
			);
			sourceTree = "<group>";
		};
		F6B2AB982798178E005BA056 /* Products */ = {
			isa = PBXGroup;
			children = (
				F6B2AB972798178E005BA056 /* Tamagotchi.app */,
				F6B2ABA827981791005BA056 /* TamagotchiTests.xctest */,
				F6B2ABB327981791005BA056 /* TamagotchiUITests.xctest */,
			);
			name = Products;
			sourceTree = "<group>";
		};
		F6B2AB992798178E005BA056 /* Tamagotchi */ = {
			isa = PBXGroup;
			children = (
				F6B2AB9A2798178E005BA056 /* TamagotchiApp.swift */,
				F6B2AB9C2798178E005BA056 /* ContentView.swift */,
				F6B2AB9E27981790005BA056 /* Assets.xcassets */,
				F6B2ABA327981790005BA056 /* Info.plist */,
				F6B2ABA027981790005BA056 /* Preview Content */,
				F6B2ABD0279823E7005BA056 /* Tamagotchi.swift */,
			);
			path = Tamagotchi;
			sourceTree = "<group>";
		};
		F6B2ABA027981790005BA056 /* Preview Content */ = {
			isa = PBXGroup;
			children = (
				F6B2ABA127981790005BA056 /* Preview Assets.xcassets */,
			);
			path = "Preview Content";
			sourceTree = "<group>";
		};
		F6B2ABAB27981791005BA056 /* TamagotchiTests */ = {
			isa = PBXGroup;
			children = (
				F6B2ABAE27981791005BA056 /* Info.plist */,
				F6B2ABC8279822D3005BA056 /* TamagotchiTest.swift */,
			);
			path = TamagotchiTests;
			sourceTree = "<group>";
		};
		F6B2ABB627981791005BA056 /* TamagotchiUITests */ = {
			isa = PBXGroup;
			children = (
				F6B2ABB727981791005BA056 /* TamagotchiUITests.swift */,
				F6B2ABB927981791005BA056 /* Info.plist */,
			);
			path = TamagotchiUITests;
			sourceTree = "<group>";
		};
/* End PBXGroup section */

/* Begin PBXNativeTarget section */
		F6B2AB962798178E005BA056 /* Tamagotchi */ = {
			isa = PBXNativeTarget;
			buildConfigurationList = F6B2ABBC27981791005BA056 /* Build configuration list for PBXNativeTarget "Tamagotchi" */;
			buildPhases = (
				F6B2AB932798178E005BA056 /* Sources */,
				F6B2AB942798178E005BA056 /* Frameworks */,
				F6B2AB952798178E005BA056 /* Resources */,
			);
			buildRules = (
			);
			dependencies = (
			);
			name = Tamagotchi;
			productName = Tamagotchi;
			productReference = F6B2AB972798178E005BA056 /* Tamagotchi.app */;
			productType = "com.apple.product-type.application";
		};
		F6B2ABA727981791005BA056 /* TamagotchiTests */ = {
			isa = PBXNativeTarget;
			buildConfigurationList = F6B2ABBF27981791005BA056 /* Build configuration list for PBXNativeTarget "TamagotchiTests" */;
			buildPhases = (
				F6B2ABA427981791005BA056 /* Sources */,
				F6B2ABA527981791005BA056 /* Frameworks */,
				F6B2ABA627981791005BA056 /* Resources */,
			);
			buildRules = (
			);
			dependencies = (
				F6B2ABAA27981791005BA056 /* PBXTargetDependency */,
			);
			name = TamagotchiTests;
			productName = TamagotchiTests;
			productReference = F6B2ABA827981791005BA056 /* TamagotchiTests.xctest */;
			productType = "com.apple.product-type.bundle.unit-test";
		};
		F6B2ABB227981791005BA056 /* TamagotchiUITests */ = {
			isa = PBXNativeTarget;
			buildConfigurationList = F6B2ABC227981791005BA056 /* Build configuration list for PBXNativeTarget "TamagotchiUITests" */;
			buildPhases = (
				F6B2ABAF27981791005BA056 /* Sources */,
				F6B2ABB027981791005BA056 /* Frameworks */,
				F6B2ABB127981791005BA056 /* Resources */,
			);
			buildRules = (
			);
			dependencies = (
				F6B2ABB527981791005BA056 /* PBXTargetDependency */,
			);
			name = TamagotchiUITests;
			productName = TamagotchiUITests;
			productReference = F6B2ABB327981791005BA056 /* TamagotchiUITests.xctest */;
			productType = "com.apple.product-type.bundle.ui-testing";
		};
/* End PBXNativeTarget section */

/* Begin PBXProject section */
		F6B2AB8F2798178E005BA056 /* Project object */ = {
			isa = PBXProject;
			attributes = {
				LastSwiftUpdateCheck = 1240;
				LastUpgradeCheck = 1240;
				TargetAttributes = {
					F6B2AB962798178E005BA056 = {
						CreatedOnToolsVersion = 12.4;
					};
					F6B2ABA727981791005BA056 = {
						CreatedOnToolsVersion = 12.4;
						TestTargetID = F6B2AB962798178E005BA056;
					};
					F6B2ABB227981791005BA056 = {
						CreatedOnToolsVersion = 12.4;
						TestTargetID = F6B2AB962798178E005BA056;
					};
				};
			};
			buildConfigurationList = F6B2AB922798178E005BA056 /* Build configuration list for PBXProject "Tamagotchi" */;
			compatibilityVersion = "Xcode 9.3";
			developmentRegion = en;
			hasScannedForEncodings = 0;
			knownRegions = (
				en,
				Base,
			);
			mainGroup = F6B2AB8E2798178E005BA056;
			productRefGroup = F6B2AB982798178E005BA056 /* Products */;
			projectDirPath = "";
			projectRoot = "";
			targets = (
				F6B2AB962798178E005BA056 /* Tamagotchi */,
				F6B2ABA727981791005BA056 /* TamagotchiTests */,
				F6B2ABB227981791005BA056 /* TamagotchiUITests */,
			);
		};
/* End PBXProject section */

/* Begin PBXResourcesBuildPhase section */
		F6B2AB952798178E005BA056 /* Resources */ = {
			isa = PBXResourcesBuildPhase;
			buildActionMask = 2147483647;
			files = (
				F6B2ABA227981790005BA056 /* Preview Assets.xcassets in Resources */,
				F6B2AB9F27981790005BA056 /* Assets.xcassets in Resources */,
			);
			runOnlyForDeploymentPostprocessing = 0;
		};
		F6B2ABA627981791005BA056 /* Resources */ = {
			isa = PBXResourcesBuildPhase;
			buildActionMask = 2147483647;
			files = (
			);
			runOnlyForDeploymentPostprocessing = 0;
		};
		F6B2ABB127981791005BA056 /* Resources */ = {
			isa = PBXResourcesBuildPhase;
			buildActionMask = 2147483647;
			files = (
			);
			runOnlyForDeploymentPostprocessing = 0;
		};
/* End PBXResourcesBuildPhase section */

/* Begin PBXSourcesBuildPhase section */
		F6B2AB932798178E005BA056 /* Sources */ = {
			isa = PBXSourcesBuildPhase;
			buildActionMask = 2147483647;
			files = (
				F6B2AB9D2798178E005BA056 /* ContentView.swift in Sources */,
				F6B2ABD1279823E7005BA056 /* Tamagotchi.swift in Sources */,
				F6B2AB9B2798178E005BA056 /* TamagotchiApp.swift in Sources */,
			);
			runOnlyForDeploymentPostprocessing = 0;
		};
		F6B2ABA427981791005BA056 /* Sources */ = {
			isa = PBXSourcesBuildPhase;
			buildActionMask = 2147483647;
			files = (
				F6B2ABD52798249A005BA056 /* Tamagotchi.swift in Sources */,
				F6B2ABC9279822D3005BA056 /* TamagotchiTest.swift in Sources */,
			);
			runOnlyForDeploymentPostprocessing = 0;
		};
		F6B2ABAF27981791005BA056 /* Sources */ = {
			isa = PBXSourcesBuildPhase;
			buildActionMask = 2147483647;
			files = (
				F6B2ABB827981791005BA056 /* TamagotchiUITests.swift in Sources */,
			);
			runOnlyForDeploymentPostprocessing = 0;
		};
/* End PBXSourcesBuildPhase section */

/* Begin PBXTargetDependency section */
		F6B2ABAA27981791005BA056 /* PBXTargetDependency */ = {
			isa = PBXTargetDependency;
			target = F6B2AB962798178E005BA056 /* Tamagotchi */;
			targetProxy = F6B2ABA927981791005BA056 /* PBXContainerItemProxy */;
		};
		F6B2ABB527981791005BA056 /* PBXTargetDependency */ = {
			isa = PBXTargetDependency;
			target = F6B2AB962798178E005BA056 /* Tamagotchi */;
			targetProxy = F6B2ABB427981791005BA056 /* PBXContainerItemProxy */;
		};
/* End PBXTargetDependency section */

/* Begin XCBuildConfiguration section */
		F6B2ABBA27981791005BA056 /* Debug */ = {
			isa = XCBuildConfiguration;
			buildSettings = {
				ALWAYS_SEARCH_USER_PATHS = NO;
				CLANG_ANALYZER_NONNULL = YES;
				CLANG_ANALYZER_NUMBER_OBJECT_CONVERSION = YES_AGGRESSIVE;
				CLANG_CXX_LANGUAGE_STANDARD = "gnu++14";
				CLANG_CXX_LIBRARY = "libc++";
				CLANG_ENABLE_MODULES = YES;
				CLANG_ENABLE_OBJC_ARC = YES;
				CLANG_ENABLE_OBJC_WEAK = YES;
				CLANG_WARN_BLOCK_CAPTURE_AUTORELEASING = YES;
				CLANG_WARN_BOOL_CONVERSION = YES;
				CLANG_WARN_COMMA = YES;
				CLANG_WARN_CONSTANT_CONVERSION = YES;
				CLANG_WARN_DEPRECATED_OBJC_IMPLEMENTATIONS = YES;
				CLANG_WARN_DIRECT_OBJC_ISA_USAGE = YES_ERROR;
				CLANG_WARN_DOCUMENTATION_COMMENTS = YES;
				CLANG_WARN_EMPTY_BODY = YES;
				CLANG_WARN_ENUM_CONVERSION = YES;
				CLANG_WARN_INFINITE_RECURSION = YES;
				CLANG_WARN_INT_CONVERSION = YES;
				CLANG_WARN_NON_LITERAL_NULL_CONVERSION = YES;
				CLANG_WARN_OBJC_IMPLICIT_RETAIN_SELF = YES;
				CLANG_WARN_OBJC_LITERAL_CONVERSION = YES;
				CLANG_WARN_OBJC_ROOT_CLASS = YES_ERROR;
				CLANG_WARN_QUOTED_INCLUDE_IN_FRAMEWORK_HEADER = YES;
				CLANG_WARN_RANGE_LOOP_ANALYSIS = YES;
				CLANG_WARN_STRICT_PROTOTYPES = YES;
				CLANG_WARN_SUSPICIOUS_MOVE = YES;
				CLANG_WARN_UNGUARDED_AVAILABILITY = YES_AGGRESSIVE;
				CLANG_WARN_UNREACHABLE_CODE = YES;
				CLANG_WARN__DUPLICATE_METHOD_MATCH = YES;
				COPY_PHASE_STRIP = NO;
				DEBUG_INFORMATION_FORMAT = dwarf;
				ENABLE_STRICT_OBJC_MSGSEND = YES;
				ENABLE_TESTABILITY = YES;
				GCC_C_LANGUAGE_STANDARD = gnu11;
				GCC_DYNAMIC_NO_PIC = NO;
				GCC_NO_COMMON_BLOCKS = YES;
				GCC_OPTIMIZATION_LEVEL = 0;
				GCC_PREPROCESSOR_DEFINITIONS = (
					"DEBUG=1",
					"$(inherited)",
				);
				GCC_WARN_64_TO_32_BIT_CONVERSION = YES;
				GCC_WARN_ABOUT_RETURN_TYPE = YES_ERROR;
				GCC_WARN_UNDECLARED_SELECTOR = YES;
				GCC_WARN_UNINITIALIZED_AUTOS = YES_AGGRESSIVE;
				GCC_WARN_UNUSED_FUNCTION = YES;
				GCC_WARN_UNUSED_VARIABLE = YES;
				IPHONEOS_DEPLOYMENT_TARGET = 14.4;
				MTL_ENABLE_DEBUG_INFO = INCLUDE_SOURCE;
				MTL_FAST_MATH = YES;
				ONLY_ACTIVE_ARCH = YES;
				SDKROOT = iphoneos;
				SWIFT_ACTIVE_COMPILATION_CONDITIONS = DEBUG;
				SWIFT_OPTIMIZATION_LEVEL = "-Onone";
			};
			name = Debug;
		};
		F6B2ABBB27981791005BA056 /* Release */ = {
			isa = XCBuildConfiguration;
			buildSettings = {
				ALWAYS_SEARCH_USER_PATHS = NO;
				CLANG_ANALYZER_NONNULL = YES;
				CLANG_ANALYZER_NUMBER_OBJECT_CONVERSION = YES_AGGRESSIVE;
				CLANG_CXX_LANGUAGE_STANDARD = "gnu++14";
				CLANG_CXX_LIBRARY = "libc++";
				CLANG_ENABLE_MODULES = YES;
				CLANG_ENABLE_OBJC_ARC = YES;
				CLANG_ENABLE_OBJC_WEAK = YES;
				CLANG_WARN_BLOCK_CAPTURE_AUTORELEASING = YES;
				CLANG_WARN_BOOL_CONVERSION = YES;
				CLANG_WARN_COMMA = YES;
				CLANG_WARN_CONSTANT_CONVERSION = YES;
				CLANG_WARN_DEPRECATED_OBJC_IMPLEMENTATIONS = YES;
				CLANG_WARN_DIRECT_OBJC_ISA_USAGE = YES_ERROR;
				CLANG_WARN_DOCUMENTATION_COMMENTS = YES;
				CLANG_WARN_EMPTY_BODY = YES;
				CLANG_WARN_ENUM_CONVERSION = YES;
				CLANG_WARN_INFINITE_RECURSION = YES;
				CLANG_WARN_INT_CONVERSION = YES;
				CLANG_WARN_NON_LITERAL_NULL_CONVERSION = YES;
				CLANG_WARN_OBJC_IMPLICIT_RETAIN_SELF = YES;
				CLANG_WARN_OBJC_LITERAL_CONVERSION = YES;
				CLANG_WARN_OBJC_ROOT_CLASS = YES_ERROR;
				CLANG_WARN_QUOTED_INCLUDE_IN_FRAMEWORK_HEADER = YES;
				CLANG_WARN_RANGE_LOOP_ANALYSIS = YES;
				CLANG_WARN_STRICT_PROTOTYPES = YES;
				CLANG_WARN_SUSPICIOUS_MOVE = YES;
				CLANG_WARN_UNGUARDED_AVAILABILITY = YES_AGGRESSIVE;
				CLANG_WARN_UNREACHABLE_CODE = YES;
				CLANG_WARN__DUPLICATE_METHOD_MATCH = YES;
				COPY_PHASE_STRIP = NO;
				DEBUG_INFORMATION_FORMAT = "dwarf-with-dsym";
				ENABLE_NS_ASSERTIONS = NO;
				ENABLE_STRICT_OBJC_MSGSEND = YES;
				GCC_C_LANGUAGE_STANDARD = gnu11;
				GCC_NO_COMMON_BLOCKS = YES;
				GCC_WARN_64_TO_32_BIT_CONVERSION = YES;
				GCC_WARN_ABOUT_RETURN_TYPE = YES_ERROR;
				GCC_WARN_UNDECLARED_SELECTOR = YES;
				GCC_WARN_UNINITIALIZED_AUTOS = YES_AGGRESSIVE;
				GCC_WARN_UNUSED_FUNCTION = YES;
				GCC_WARN_UNUSED_VARIABLE = YES;
				IPHONEOS_DEPLOYMENT_TARGET = 14.4;
				MTL_ENABLE_DEBUG_INFO = NO;
				MTL_FAST_MATH = YES;
				SDKROOT = iphoneos;
				SWIFT_COMPILATION_MODE = wholemodule;
				SWIFT_OPTIMIZATION_LEVEL = "-O";
				VALIDATE_PRODUCT = YES;
			};
			name = Release;
		};
		F6B2ABBD27981791005BA056 /* Debug */ = {
			isa = XCBuildConfiguration;
			buildSettings = {
				ASSETCATALOG_COMPILER_APPICON_NAME = AppIcon;
				ASSETCATALOG_COMPILER_GLOBAL_ACCENT_COLOR_NAME = AccentColor;
				CODE_SIGN_STYLE = Automatic;
				DEVELOPMENT_ASSET_PATHS = "\"Tamagotchi/Preview Content\"";
				ENABLE_PREVIEWS = YES;
				INFOPLIST_FILE = Tamagotchi/Info.plist;
				IPHONEOS_DEPLOYMENT_TARGET = 14.0;
				LD_RUNPATH_SEARCH_PATHS = (
					"$(inherited)",
					"@executable_path/Frameworks",
				);
				PRODUCT_BUNDLE_IDENTIFIER = com.test.Tamagotchi;
				PRODUCT_NAME = "$(TARGET_NAME)";
				SWIFT_VERSION = 5.0;
				TARGETED_DEVICE_FAMILY = "1,2";
			};
			name = Debug;
		};
		F6B2ABBE27981791005BA056 /* Release */ = {
			isa = XCBuildConfiguration;
			buildSettings = {
				ASSETCATALOG_COMPILER_APPICON_NAME = AppIcon;
				ASSETCATALOG_COMPILER_GLOBAL_ACCENT_COLOR_NAME = AccentColor;
				CODE_SIGN_STYLE = Automatic;
				DEVELOPMENT_ASSET_PATHS = "\"Tamagotchi/Preview Content\"";
				ENABLE_PREVIEWS = YES;
				INFOPLIST_FILE = Tamagotchi/Info.plist;
				IPHONEOS_DEPLOYMENT_TARGET = 14.0;
				LD_RUNPATH_SEARCH_PATHS = (
					"$(inherited)",
					"@executable_path/Frameworks",
				);
				PRODUCT_BUNDLE_IDENTIFIER = com.test.Tamagotchi;
				PRODUCT_NAME = "$(TARGET_NAME)";
				SWIFT_VERSION = 5.0;
				TARGETED_DEVICE_FAMILY = "1,2";
			};
			name = Release;
		};
		F6B2ABC027981791005BA056 /* Debug */ = {
			isa = XCBuildConfiguration;
			buildSettings = {
				ALWAYS_EMBED_SWIFT_STANDARD_LIBRARIES = YES;
				BUNDLE_LOADER = "$(TEST_HOST)";
				CODE_SIGN_STYLE = Automatic;
				INFOPLIST_FILE = TamagotchiTests/Info.plist;
				IPHONEOS_DEPLOYMENT_TARGET = 14.0;
				LD_RUNPATH_SEARCH_PATHS = (
					"$(inherited)",
					"@executable_path/Frameworks",
					"@loader_path/Frameworks",
				);
				PRODUCT_BUNDLE_IDENTIFIER = com.test.TamagotchiTests;
				PRODUCT_NAME = "$(TARGET_NAME)";
				SWIFT_VERSION = 5.0;
				TARGETED_DEVICE_FAMILY = "1,2";
				TEST_HOST = "$(BUILT_PRODUCTS_DIR)/Tamagotchi.app/Tamagotchi";
			};
			name = Debug;
		};
		F6B2ABC127981791005BA056 /* Release */ = {
			isa = XCBuildConfiguration;
			buildSettings = {
				ALWAYS_EMBED_SWIFT_STANDARD_LIBRARIES = YES;
				BUNDLE_LOADER = "$(TEST_HOST)";
				CODE_SIGN_STYLE = Automatic;
				INFOPLIST_FILE = TamagotchiTests/Info.plist;
				IPHONEOS_DEPLOYMENT_TARGET = 14.0;
				LD_RUNPATH_SEARCH_PATHS = (
					"$(inherited)",
					"@executable_path/Frameworks",
					"@loader_path/Frameworks",
				);
				PRODUCT_BUNDLE_IDENTIFIER = com.test.TamagotchiTests;
				PRODUCT_NAME = "$(TARGET_NAME)";
				SWIFT_VERSION = 5.0;
				TARGETED_DEVICE_FAMILY = "1,2";
				TEST_HOST = "$(BUILT_PRODUCTS_DIR)/Tamagotchi.app/Tamagotchi";
			};
			name = Release;
		};
		F6B2ABC327981791005BA056 /* Debug */ = {
			isa = XCBuildConfiguration;
			buildSettings = {
				ALWAYS_EMBED_SWIFT_STANDARD_LIBRARIES = YES;
				CODE_SIGN_STYLE = Automatic;
				INFOPLIST_FILE = TamagotchiUITests/Info.plist;
				LD_RUNPATH_SEARCH_PATHS = (
					"$(inherited)",
					"@executable_path/Frameworks",
					"@loader_path/Frameworks",
				);
				PRODUCT_BUNDLE_IDENTIFIER = com.test.TamagotchiUITests;
				PRODUCT_NAME = "$(TARGET_NAME)";
				SWIFT_VERSION = 5.0;
				TARGETED_DEVICE_FAMILY = "1,2";
				TEST_TARGET_NAME = Tamagotchi;
			};
			name = Debug;
		};
		F6B2ABC427981791005BA056 /* Release */ = {
			isa = XCBuildConfiguration;
			buildSettings = {
				ALWAYS_EMBED_SWIFT_STANDARD_LIBRARIES = YES;
				CODE_SIGN_STYLE = Automatic;
				INFOPLIST_FILE = TamagotchiUITests/Info.plist;
				LD_RUNPATH_SEARCH_PATHS = (
					"$(inherited)",
					"@executable_path/Frameworks",
					"@loader_path/Frameworks",
				);
				PRODUCT_BUNDLE_IDENTIFIER = com.test.TamagotchiUITests;
				PRODUCT_NAME = "$(TARGET_NAME)";
				SWIFT_VERSION = 5.0;
				TARGETED_DEVICE_FAMILY = "1,2";
				TEST_TARGET_NAME = Tamagotchi;
			};
			name = Release;
		};
/* End XCBuildConfiguration section */

/* Begin XCConfigurationList section */
		F6B2AB922798178E005BA056 /* Build configuration list for PBXProject "Tamagotchi" */ = {
			isa = XCConfigurationList;
			buildConfigurations = (
				F6B2ABBA27981791005BA056 /* Debug */,
				F6B2ABBB27981791005BA056 /* Release */,
			);
			defaultConfigurationIsVisible = 0;
			defaultConfigurationName = Release;
		};
		F6B2ABBC27981791005BA056 /* Build configuration list for PBXNativeTarget "Tamagotchi" */ = {
			isa = XCConfigurationList;
			buildConfigurations = (
				F6B2ABBD27981791005BA056 /* Debug */,
				F6B2ABBE27981791005BA056 /* Release */,
			);
			defaultConfigurationIsVisible = 0;
			defaultConfigurationName = Release;
		};
		F6B2ABBF27981791005BA056 /* Build configuration list for PBXNativeTarget "TamagotchiTests" */ = {
			isa = XCConfigurationList;
			buildConfigurations = (
				F6B2ABC027981791005BA056 /* Debug */,
				F6B2ABC127981791005BA056 /* Release */,
			);
			defaultConfigurationIsVisible = 0;
			defaultConfigurationName = Release;
		};
		F6B2ABC227981791005BA056 /* Build configuration list for PBXNativeTarget "TamagotchiUITests" */ = {
			isa = XCConfigurationList;
			buildConfigurations = (
				F6B2ABC327981791005BA056 /* Debug */,
				F6B2ABC427981791005BA056 /* Release */,
			);
			defaultConfigurationIsVisible = 0;
			defaultConfigurationName = Release;
		};
/* End XCConfigurationList section */
	};
	rootObject = F6B2AB8F2798178E005BA056 /* Project object */;
}
